
Microsoft Visual Studio Solution File, Format Version 12.00
# Visual Studio Version 17
VisualStudioVersion = 17.0.31903.59
MinimumVisualStudioVersion = 10.0.40219.1
Project("{FAE04EC0-301F-11D3-BF4B-00C04F79EFBC}") = "KeyboardScreen.Core", "src\KeyboardScreen.Core\KeyboardScreen.Core.csproj", "{1B117D88-0706-4CE7-97E8-0F8F4BE9EB47}"
EndProject
Project("{FAE04EC0-301F-11D3-BF4B-00C04F79EFBC}") = "KeyboardScreen.SmokeTests", "tests\KeyboardScreen.SmokeTests\KeyboardScreen.SmokeTests.csproj", "{81E1BAFC-5276-4966-8822-EA1F66F3AA51}"
EndProject
Project("{2150E333-8FDC-42A3-9474-1A3956D46DE8}") = "src", "src", "{952E5398-6ABD-4EB7-B2C6-DCF8B7E85B18}"
EndProject
Project("{FAE04EC0-301F-11D3-BF4B-00C04F79EFBC}") = "KeyboardScreen.App.Avalonia", "src\KeyboardScreen.App.Avalonia\KeyboardScreen.App.Avalonia.csproj", "{57FB3BEC-34C9-4DF6-B4E9-0CFEEBC508B3}"
EndProject
Project("{2150E333-8FDC-42A3-9474-1A3956D46DE8}") = "tests", "tests", "{DBA563E2-A2BE-452F-AB37-0BAD1B4F8BEE}"
EndProject
Project("{FAE04EC0-301F-11D3-BF4B-00C04F79EFBC}") = "KeyboardScreen.AvaloniaSmokeTests", "tests\KeyboardScreen.AvaloniaSmokeTests\KeyboardScreen.AvaloniaSmokeTests.csproj", "{24DEE119-248C-43FD-A8A0-C2E3B7A260A8}"
EndProject
Global
	GlobalSection(SolutionConfigurationPlatforms) = preSolution
		Debug|Any CPU = Debug|Any CPU
		Release|Any CPU = Release|Any CPU
	EndGlobalSection
	GlobalSection(ProjectConfigurationPlatforms) = postSolution
		{1B117D88-0706-4CE7-97E8-0F8F4BE9EB47}.Debug|Any CPU.ActiveCfg = Debug|Any CPU
		{1B117D88-0706-4CE7-97E8-0F8F4BE9EB47}.Debug|Any CPU.Build.0 = Debug|Any CPU
		{1B117D88-0706-4CE7-97E8-0F8F4BE9EB47}.Release|Any CPU.ActiveCfg = Release|Any CPU
		{1B117D88-0706-4CE7-97E8-0F8F4BE9EB47}.Release|Any CPU.Build.0 = Release|Any CPU
		{81E1BAFC-5276-4966-8822-EA1F66F3AA51}.Debug|Any CPU.ActiveCfg = Debug|Any CPU
		{81E1BAFC-5276-4966-8822-EA1F66F3AA51}.Debug|Any CPU.Build.0 = Debug|Any CPU
		{81E1BAFC-5276-4966-8822-EA1F66F3AA51}.Release|Any CPU.ActiveCfg = Release|Any CPU
		{81E1BAFC-5276-4966-8822-EA1F66F3AA51}.Release|Any CPU.Build.0 = Release|Any CPU
		{57FB3BEC-34C9-4DF6-B4E9-0CFEEBC508B3}.Debug|Any CPU.ActiveCfg = Debug|Any CPU
		{57FB3BEC-34C9-4DF6-B4E9-0CFEEBC508B3}.Debug|Any CPU.Build.0 = Debug|Any CPU
		{57FB3BEC-34C9-4DF6-B4E9-0CFEEBC508B3}.Release|Any CPU.ActiveCfg = Release|Any CPU
		{57FB3BEC-34C9-4DF6-B4E9-0CFEEBC508B3}.Release|Any CPU.Build.0 = Release|Any CPU
		{24DEE119-248C-43FD-A8A0-C2E3B7A260A8}.Debug|Any CPU.ActiveCfg = Debug|Any CPU
		{24DEE119-248C-43FD-A8A0-C2E3B7A260A8}.Debug|Any CPU.Build.0 = Debug|Any CPU
		{24DEE119-248C-43FD-A8A0-C2E3B7A260A8}.Release|Any CPU.ActiveCfg = Release|Any CPU
		{24DEE119-248C-43FD-A8A0-C2E3B7A260A8}.Release|Any CPU.Build.0 = Release|Any CPU
	EndGlobalSection
	GlobalSection(NestedProjects) = preSolution
		{57FB3BEC-34C9-4DF6-B4E9-0CFEEBC508B3} = {952E5398-6ABD-4EB7-B2C6-DCF8B7E85B18}
		{24DEE119-248C-43FD-A8A0-C2E3B7A260A8} = {DBA563E2-A2BE-452F-AB37-0BAD1B4F8BEE}
	EndGlobalSection
EndGlobal
