
Microsoft Visual Studio Solution File, Format Version 12.00
# Visual Studio Version 17
VisualStudioVersion = 17.0.31903.59
MinimumVisualStudioVersion = 10.0.40219.1
Project("{FAE04EC0-301F-11D3-BF4B-00C04F79EFBC}") = "KeyboardScreen.Core", "src\KeyboardScreen.Core\KeyboardScreen.Core.csproj", "{1B117D88-0706-4CE7-97E8-0F8F4BE9EB47}"
EndProject
Project("{FAE04EC0-301F-11D3-BF4B-00C04F79EFBC}") = "KeyboardScreen.App", "src\KeyboardScreen.App\KeyboardScreen.App.csproj", "{E4383065-F16F-4167-8DF1-B47BCBA45360}"
EndProject
Project("{FAE04EC0-301F-11D3-BF4B-00C04F79EFBC}") = "KeyboardScreen.SmokeTests", "tests\KeyboardScreen.SmokeTests\KeyboardScreen.SmokeTests.csproj", "{81E1BAFC-5276-4966-8822-EA1F66F3AA51}"
EndProject
Project("{2150E333-8FDC-42A3-9474-1A3956D46DE8}") = "tests", "tests", "{EF23A498-6396-4C15-A849-F4A4115E7A69}"
EndProject
Project("{FAE04EC0-301F-11D3-BF4B-00C04F79EFBC}") = "KeyboardScreen.UiSmokeTests", "tests\KeyboardScreen.UiSmokeTests\KeyboardScreen.UiSmokeTests.csproj", "{D1CB8A9C-1BA5-4D13-B2FB-6768D463EE51}"
EndProject
Global
	GlobalSection(SolutionConfigurationPlatforms) = preSolution
		Debug|Any CPU = Debug|Any CPU
		Release|Any CPU = Release|Any CPU
	EndGlobalSection
	GlobalSection(ProjectConfigurationPlatforms) = postSolution
		{1B117D88-0706-4CE7-97E8-0F8F4BE9EB47}.Debug|Any CPU.ActiveCfg = Debug|Any CPU
		{1B117D88-0706-4CE7-97E8-0F8F4BE9EB47}.Debug|Any CPU.Build.0 = Debug|Any CPU
		{1B117D88-0706-4CE7-97E8-0F8F4BE9EB47}.Release|Any CPU.ActiveCfg = Release|Any CPU
		{1B117D88-0706-4CE7-97E8-0F8F4BE9EB47}.Release|Any CPU.Build.0 = Release|Any CPU
		{E4383065-F16F-4167-8DF1-B47BCBA45360}.Debug|Any CPU.ActiveCfg = Debug|Any CPU
		{E4383065-F16F-4167-8DF1-B47BCBA45360}.Debug|Any CPU.Build.0 = Debug|Any CPU
		{E4383065-F16F-4167-8DF1-B47BCBA45360}.Release|Any CPU.ActiveCfg = Release|Any CPU
		{E4383065-F16F-4167-8DF1-B47BCBA45360}.Release|Any CPU.Build.0 = Release|Any CPU
		{81E1BAFC-5276-4966-8822-EA1F66F3AA51}.Debug|Any CPU.ActiveCfg = Debug|Any CPU
		{81E1BAFC-5276-4966-8822-EA1F66F3AA51}.Debug|Any CPU.Build.0 = Debug|Any CPU
		{81E1BAFC-5276-4966-8822-EA1F66F3AA51}.Release|Any CPU.ActiveCfg = Release|Any CPU
		{81E1BAFC-5276-4966-8822-EA1F66F3AA51}.Release|Any CPU.Build.0 = Release|Any CPU
		{D1CB8A9C-1BA5-4D13-B2FB-6768D463EE51}.Debug|Any CPU.ActiveCfg = Debug|Any CPU
		{D1CB8A9C-1BA5-4D13-B2FB-6768D463EE51}.Debug|Any CPU.Build.0 = Debug|Any CPU
		{D1CB8A9C-1BA5-4D13-B2FB-6768D463EE51}.Release|Any CPU.ActiveCfg = Release|Any CPU
		{D1CB8A9C-1BA5-4D13-B2FB-6768D463EE51}.Release|Any CPU.Build.0 = Release|Any CPU
	EndGlobalSection
	GlobalSection(NestedProjects) = preSolution
		{D1CB8A9C-1BA5-4D13-B2FB-6768D463EE51} = {EF23A498-6396-4C15-A849-F4A4115E7A69}
	EndGlobalSection
EndGlobal
